github.com/jessevdk/go-flags v1.4.0/go.mod h1:4FA24M0QyGHXBuZZK/XkWh8h0e1EYbRYJSGM75WSRxI=
github.com/kelseyhightower/envconfig v1.4.0 h1:Im6hONhd3pLkfDFsbRgu68RDNkGF1r3dvMUtDTo2cv8=
github.com/kelseyhightower/envconfig v1.4.0/go.mod h1:cccZRl6mQpaq41TPp5QxidR+Sa3axMbJDNb//FQX6Gg=
github.com/korylprince/getpwd v0.0.0-20141212190344-48f5c5a48d36 h1:6YlRp5GuCs2NuflVJMZXCilPNU5cKElUFoGMgzS34lA=
github.com/korylprince/getpwd v0.0.0-20141212190344-48f5c5a48d36/go.mod h1:GJU1BN4oD0OE+zor/ldpDk39jcMRIANmoJrg4JNKwX4=
github.com/korylprince/macserial v1.0.0 h1:g9K6tlc7L1vMC9qb5g8J5WhXQ42VzGJdnBpsLM9HXYs=
github.com/korylprince/macserial v1.0.0/go.mod h1:yx9H1/hSbRlqOUh+LLWXWXh96eOjfpNQcJJ0ZMfYgCE=
github.com/kr/pretty v0.1.0/go.mod h1:dAy3ld7l9f0ibDNOQOHHMYYIIbhfbHSm3C4ZsoJORNo=
github.com/kr/pty v1.1.1/go.mod h1:pFQYn66WHrOpPYNljwOMqo10TkYh1fy3cYio2l3bCsQ=
github.com/kr/text v0.1.0/go.mod h1:4Jbv+DJW3UT/LiOwJeYQe1efqtUx/iVham/4vfdArNI=
gopkg.in/check.v1 v0.0.0-20161208181325-20d25e280405/go.mod h1:Co6ibVJAznAaIkqp8huTwlJQCZ016jof/cbN4VW5Yz0=
gopkg.in/check.v1 v1.0.0-20180628173108-788fd7840127/go.mod h1:Co6ibVJAznAaIkqp8huTwlJQCZ016jof/cbN4VW5Yz0=
gopkg.in/yaml.v2 v2.2.1/go.mod h1:hI93XBmqTisBFMUTm0b8Fm+jr3Dg1NNxqwp+5A1VGuI=
howett.net/plist v0.0.0-20200225050739-77e249a2e2ba h1:HiEs/6jQFMHpFqsdPBAk3ieVcsSS8IV+D93f43UuDPo=
howett.net/plist v0.0.0-20200225050739-77e249a2e2ba/go.mod h1:vMygbs4qMhSZSc4lCUl2OEE+rDiIIJAIdR4m7MiMcm0=
